
Microsoft Visual Studio Solution File, Format Version 12.00
# Visual Studio Version 16
VisualStudioVersion = 16.0.30503.244
MinimumVisualStudioVersion = 10.0.40219.1
Project("{FAE04EC0-301F-11D3-BF4B-00C04F79EFBC}") = "multi-threat", "multi-threat.csproj", "{A0F8BFE9-3483-4609-B489-66176EA5395D}"
EndProject
Global
	GlobalSection(SolutionConfigurationPlatforms) = preSolution
		Debug|Any CPU = Debug|Any CPU
		Release|Any CPU = Release|Any CPU
	EndGlobalSection
	GlobalSection(ProjectConfigurationPlatforms) = postSolution
		{A0F8BFE9-3483-4609-B489-66176EA5395D}.Debug|Any CPU.ActiveCfg = Debug|Any CPU
		{A0F8BFE9-3483-4609-B489-66176EA5395D}.Debug|Any CPU.Build.0 = Debug|Any CPU
		{A0F8BFE9-3483-4609-B489-66176EA5395D}.Release|Any CPU.ActiveCfg = Release|Any CPU
		{A0F8BFE9-3483-4609-B489-66176EA5395D}.Release|Any CPU.Build.0 = Release|Any CPU
	EndGlobalSection
	GlobalSection(SolutionProperties) = preSolution
		HideSolutionNode = FALSE
	EndGlobalSection
	GlobalSection(ExtensibilityGlobals) = postSolution
		SolutionGuid = {255C7ADC-24AD-4A43-B027-71FB3485957D}
	EndGlobalSection
EndGlobal
